
Microsoft Visual Studio Solution File, Format Version 12.00
# Visual Studio 2012
Project("{FAE04EC0-301F-11D3-BF4B-00C04F79EFBC}") = "BMICalculator", "BMICalculator\BMICalculator.csproj", "{D16097EE-652B-4573-80D1-4A59DEA9F170}"
EndProject
Global
	GlobalSection(SolutionConfigurationPlatforms) = preSolution
		Debug|iPhoneSimulator = Debug|iPhoneSimulator
		Release|iPhone = Release|iPhone
		Release|iPhoneSimulator = Release|iPhoneSimulator
		Debug|iPhone = Debug|iPhone
	EndGlobalSection
	GlobalSection(ProjectConfigurationPlatforms) = postSolution
		{D16097EE-652B-4573-80D1-4A59DEA9F170}.Debug|iPhoneSimulator.ActiveCfg = Debug|iPhoneSimulator
		{D16097EE-652B-4573-80D1-4A59DEA9F170}.Debug|iPhoneSimulator.Build.0 = Debug|iPhoneSimulator
		{D16097EE-652B-4573-80D1-4A59DEA9F170}.Release|iPhone.ActiveCfg = Release|iPhone
		{D16097EE-652B-4573-80D1-4A59DEA9F170}.Release|iPhone.Build.0 = Release|iPhone
		{D16097EE-652B-4573-80D1-4A59DEA9F170}.Release|iPhoneSimulator.ActiveCfg = Release|iPhoneSimulator
		{D16097EE-652B-4573-80D1-4A59DEA9F170}.Release|iPhoneSimulator.Build.0 = Release|iPhoneSimulator
		{D16097EE-652B-4573-80D1-4A59DEA9F170}.Debug|iPhone.ActiveCfg = Debug|iPhone
		{D16097EE-652B-4573-80D1-4A59DEA9F170}.Debug|iPhone.Build.0 = Debug|iPhone
	EndGlobalSection
EndGlobal
